
Microsoft Visual Studio Solution File, Format Version 12.00
# Visual Studio 15
VisualStudioVersion = 15.0.27703.2035
MinimumVisualStudioVersion = 10.0.40219.1
Project("{FAE04EC0-301F-11D3-BF4B-00C04F79EFBC}") = "WebAPI", "WebAPI\WebAPI.csproj", "{5BFEB72B-351E-459A-9835-026BE5708193}"
EndProject
Project("{FAE04EC0-301F-11D3-BF4B-00C04F79EFBC}") = "WebAPI.Test", "WebAPI.Test\WebAPI.Test.csproj", "{63D91A5E-74C6-4A05-8B4E-F620C6316212}"
EndProject
Global
	GlobalSection(SolutionConfigurationPlatforms) = preSolution
		Debug|Any CPU = Debug|Any CPU
		Release|Any CPU = Release|Any CPU
	EndGlobalSection
	GlobalSection(ProjectConfigurationPlatforms) = postSolution
		{5BFEB72B-351E-459A-9835-026BE5708193}.Debug|Any CPU.ActiveCfg = Debug|Any CPU
		{5BFEB72B-351E-459A-9835-026BE5708193}.Debug|Any CPU.Build.0 = Debug|Any CPU
		{5BFEB72B-351E-459A-9835-026BE5708193}.Release|Any CPU.ActiveCfg = Release|Any CPU
		{5BFEB72B-351E-459A-9835-026BE5708193}.Release|Any CPU.Build.0 = Release|Any CPU
		{63D91A5E-74C6-4A05-8B4E-F620C6316212}.Debug|Any CPU.ActiveCfg = Debug|Any CPU
		{63D91A5E-74C6-4A05-8B4E-F620C6316212}.Debug|Any CPU.Build.0 = Debug|Any CPU
		{63D91A5E-74C6-4A05-8B4E-F620C6316212}.Release|Any CPU.ActiveCfg = Release|Any CPU
		{63D91A5E-74C6-4A05-8B4E-F620C6316212}.Release|Any CPU.Build.0 = Release|Any CPU
	EndGlobalSection
	GlobalSection(SolutionProperties) = preSolution
		HideSolutionNode = FALSE
	EndGlobalSection
	GlobalSection(ExtensibilityGlobals) = postSolution
		SolutionGuid = {BE024E8E-8696-4E0B-A90D-4F7785039E8A}
	EndGlobalSection
EndGlobal
